{
  "version": 4,
  "terraform_version": "1.3.7",
  "serial": 15,
  "lineage": "99f0668f-dd6c-7e3c-743c-c04818d870cd",
  "outputs": {},
  "resources": [
    {
      "mode": "managed",
      "type": "aws_iam_user",
      "name": "sushil_test_iam_users",
      "provider": "provider[\"registry.terraform.io/hashicorp/aws\"]",
      "instances": [
        {
          "index_key": "jane",
          "schema_version": 0,
          "attributes": {
            "arn": "arn:aws:iam::533795474468:user/jane",
            "force_destroy": false,
            "id": "jane",
            "name": "jane",
            "path": "/",
            "permissions_boundary": null,
            "tags": null,
            "tags_all": {},
            "unique_id": "AIDAXYSFQRQSIXCOIOQY6"
          },
          "sensitive_attributes": [],
          "private": "bnVsbA=="
        },
        {
          "index_key": "ranga",
          "schema_version": 0,
          "attributes": {
            "arn": "arn:aws:iam::533795474468:user/ranga",
            "force_destroy": false,
            "id": "ranga",
            "name": "ranga",
            "path": "/",
            "permissions_boundary": null,
            "tags": null,
            "tags_all": {},
            "unique_id": "AIDAXYSFQRQSHVMMUU2CN"
          },
          "sensitive_attributes": [],
          "private": "bnVsbA=="
        },
        {
          "index_key": "ravs",
          "schema_version": 0,
          "attributes": {
            "arn": "arn:aws:iam::533795474468:user/ravs",
            "force_destroy": false,
            "id": "ravs",
            "name": "ravs",
            "path": "/",
            "permissions_boundary": null,
            "tags": null,
            "tags_all": {},
            "unique_id": "AIDAXYSFQRQSDDEXYNNER"
          },
          "sensitive_attributes": [],
          "private": "bnVsbA=="
        },
        {
          "index_key": "sats",
          "schema_version": 0,
          "attributes": {
            "arn": "arn:aws:iam::533795474468:user/sats",
            "force_destroy": false,
            "id": "sats",
            "name": "sats",
            "path": "/",
            "permissions_boundary": null,
            "tags": null,
            "tags_all": {},
            "unique_id": "AIDAXYSFQRQSJAACVFPJG"
          },
          "sensitive_attributes": [],
          "private": "bnVsbA=="
        },
        {
          "index_key": "tom",
          "schema_version": 0,
          "attributes": {
            "arn": "arn:aws:iam::533795474468:user/tom",
            "force_destroy": false,
            "id": "tom",
            "name": "tom",
            "path": "/",
            "permissions_boundary": null,
            "tags": null,
            "tags_all": {},
            "unique_id": "AIDAXYSFQRQSHEAV3TAAE"
          },
          "sensitive_attributes": [],
          "private": "bnVsbA=="
        }
      ]
    }
  ],
  "check_results": null
}
